
Microsoft Visual Studio Solution File, Format Version 12.00
# Visual Studio Version 17
VisualStudioVersion = 17.5.002.0
MinimumVisualStudioVersion = 10.0.40219.1
Project("{9A19103F-16F7-4668-BE54-9A1E7A4F7556}") = "ElectroSphereProj", "ElectroSphereProj\ElectroSphereProj.csproj", "{5674C788-08C3-4275-953F-62B5C303D1FE}"
EndProject
Global
	GlobalSection(SolutionConfigurationPlatforms) = preSolution
		Debug|Any CPU = Debug|Any CPU
		Release|Any CPU = Release|Any CPU
	EndGlobalSection
	GlobalSection(ProjectConfigurationPlatforms) = postSolution
		{5674C788-08C3-4275-953F-62B5C303D1FE}.Debug|Any CPU.ActiveCfg = Debug|Any CPU
		{5674C788-08C3-4275-953F-62B5C303D1FE}.Debug|Any CPU.Build.0 = Debug|Any CPU
		{5674C788-08C3-4275-953F-62B5C303D1FE}.Release|Any CPU.ActiveCfg = Release|Any CPU
		{5674C788-08C3-4275-953F-62B5C303D1FE}.Release|Any CPU.Build.0 = Release|Any CPU
	EndGlobalSection
	GlobalSection(SolutionProperties) = preSolution
		HideSolutionNode = FALSE
	EndGlobalSection
	GlobalSection(ExtensibilityGlobals) = postSolution
		SolutionGuid = {D24F9322-5CD6-4B7E-9CF2-8512CD08A103}
	EndGlobalSection
EndGlobal
